---
applications:
  .:
    name: clock-alfinder
    framework:
      name: standalone
      info:
        mem: 64M
        description: Standalone Application
        exec: 
    runtime: ruby193
    command: rake clock:run
    infra: aws
    url: 
    mem: 128M
    instances: 1
    services:
      redis:
        type: redis
